
Microsoft Visual Studio Solution File, Format Version 12.00
# Visual Studio Version 17
VisualStudioVersion = 17.4.33213.308
MinimumVisualStudioVersion = 10.0.40219.1
Project("{FAE04EC0-301F-11D3-BF4B-00C04F79EFBC}") = "LessonFiles", "LessonFiles\LessonFiles.csproj", "{F23B769B-DFA3-4480-BCC4-B77BE80C18E5}"
EndProject
Global
	GlobalSection(SolutionConfigurationPlatforms) = preSolution
		Debug|Any CPU = Debug|Any CPU
		Release|Any CPU = Release|Any CPU
	EndGlobalSection
	GlobalSection(ProjectConfigurationPlatforms) = postSolution
		{F23B769B-DFA3-4480-BCC4-B77BE80C18E5}.Debug|Any CPU.ActiveCfg = Debug|Any CPU
		{F23B769B-DFA3-4480-BCC4-B77BE80C18E5}.Debug|Any CPU.Build.0 = Debug|Any CPU
		{F23B769B-DFA3-4480-BCC4-B77BE80C18E5}.Release|Any CPU.ActiveCfg = Release|Any CPU
		{F23B769B-DFA3-4480-BCC4-B77BE80C18E5}.Release|Any CPU.Build.0 = Release|Any CPU
	EndGlobalSection
	GlobalSection(SolutionProperties) = preSolution
		HideSolutionNode = FALSE
	EndGlobalSection
	GlobalSection(ExtensibilityGlobals) = postSolution
		SolutionGuid = {08719BD2-3660-427F-9642-1686A628763F}
	EndGlobalSection
EndGlobal
